
Microsoft Visual Studio Solution File, Format Version 12.00
# Visual Studio Version 17
VisualStudioVersion = 17.9.34714.143
MinimumVisualStudioVersion = 10.0.40219.1
Project("{FAE04EC0-301F-11D3-BF4B-00C04F79EFBC}") = "NewDataAnnotationsInDotNet8", "NewDataAnnotationsInDotNet8\NewDataAnnotationsInDotNet8.csproj", "{1D05E1E5-D7B8-4E65-91C7-0C96587CEABB}"
EndProject
Global
	GlobalSection(SolutionConfigurationPlatforms) = preSolution
		Debug|Any CPU = Debug|Any CPU
		Release|Any CPU = Release|Any CPU
	EndGlobalSection
	GlobalSection(ProjectConfigurationPlatforms) = postSolution
		{1D05E1E5-D7B8-4E65-91C7-0C96587CEABB}.Debug|Any CPU.ActiveCfg = Debug|Any CPU
		{1D05E1E5-D7B8-4E65-91C7-0C96587CEABB}.Debug|Any CPU.Build.0 = Debug|Any CPU
		{1D05E1E5-D7B8-4E65-91C7-0C96587CEABB}.Release|Any CPU.ActiveCfg = Release|Any CPU
		{1D05E1E5-D7B8-4E65-91C7-0C96587CEABB}.Release|Any CPU.Build.0 = Release|Any CPU
	EndGlobalSection
	GlobalSection(SolutionProperties) = preSolution
		HideSolutionNode = FALSE
	EndGlobalSection
	GlobalSection(ExtensibilityGlobals) = postSolution
		SolutionGuid = {464D2B47-4CEA-4363-8359-5ED008FDB1FD}
	EndGlobalSection
EndGlobal
